
Microsoft Visual Studio Solution File, Format Version 12.00
# Visual Studio Version 17
VisualStudioVersion = 17.14.36717.8 d17.14
MinimumVisualStudioVersion = 10.0.40219.1
Project("{F184B08F-C81C-45F6-A57F-5ABD9991F28F}") = "penilaian-e-learning", "penilaian-e-learning.vbproj", "{DEF39BB5-1626-4614-8D13-376AD15F6FC1}"
EndProject
Global
	GlobalSection(SolutionConfigurationPlatforms) = preSolution
		Debug|Any CPU = Debug|Any CPU
		Release|Any CPU = Release|Any CPU
	EndGlobalSection
	GlobalSection(ProjectConfigurationPlatforms) = postSolution
		{DEF39BB5-1626-4614-8D13-376AD15F6FC1}.Debug|Any CPU.ActiveCfg = Debug|Any CPU
		{DEF39BB5-1626-4614-8D13-376AD15F6FC1}.Debug|Any CPU.Build.0 = Debug|Any CPU
		{DEF39BB5-1626-4614-8D13-376AD15F6FC1}.Release|Any CPU.ActiveCfg = Release|Any CPU
		{DEF39BB5-1626-4614-8D13-376AD15F6FC1}.Release|Any CPU.Build.0 = Release|Any CPU
	EndGlobalSection
	GlobalSection(SolutionProperties) = preSolution
		HideSolutionNode = FALSE
	EndGlobalSection
	GlobalSection(ExtensibilityGlobals) = postSolution
		SolutionGuid = {19105B40-CA9B-4413-8A09-2497BAEE0D1A}
	EndGlobalSection
EndGlobal
